
Microsoft Visual Studio Solution File, Format Version 12.00
# Visual Studio Version 17
VisualStudioVersion = 17.11.35303.130
MinimumVisualStudioVersion = 10.0.40219.1
Project("{FAE04EC0-301F-11D3-BF4B-00C04F79EFBC}") = "HTTPClient", "HTTPClient\HTTPClient.csproj", "{253E12A7-898B-43E4-9943-E670FDEA8B99}"
EndProject
Global
	GlobalSection(SolutionConfigurationPlatforms) = preSolution
		Debug|Any CPU = Debug|Any CPU
		Release|Any CPU = Release|Any CPU
	EndGlobalSection
	GlobalSection(ProjectConfigurationPlatforms) = postSolution
		{253E12A7-898B-43E4-9943-E670FDEA8B99}.Debug|Any CPU.ActiveCfg = Debug|Any CPU
		{253E12A7-898B-43E4-9943-E670FDEA8B99}.Debug|Any CPU.Build.0 = Debug|Any CPU
		{253E12A7-898B-43E4-9943-E670FDEA8B99}.Release|Any CPU.ActiveCfg = Release|Any CPU
		{253E12A7-898B-43E4-9943-E670FDEA8B99}.Release|Any CPU.Build.0 = Release|Any CPU
	EndGlobalSection
	GlobalSection(SolutionProperties) = preSolution
		HideSolutionNode = FALSE
	EndGlobalSection
	GlobalSection(ExtensibilityGlobals) = postSolution
		SolutionGuid = {024C21B9-E8BC-4B4A-B5AC-5A97EEFCD27B}
	EndGlobalSection
EndGlobal
